lockfileVersion: '6.0'

settings:
  autoInstallPeers: true
  excludeLinksFromLockfile: false

devDependencies:
  '@openzeppelin/contracts':
    specifier: ^4.9.1
    version: 4.9.1
  '@uniswap/lib':
    specifier: 4.0.1-alpha
    version: 4.0.1-alpha
  '@uniswap/v2-core':
    specifier: ^1.0.1
    version: 1.0.1
  '@uniswap/v2-periphery':
    specifier: 1.1.0-beta.0
    version: 1.1.0-beta.0

packages:

  /@openzeppelin/contracts@4.9.1:
    resolution: {integrity: sha512-aLDTLu/If1qYIFW5g4ZibuQaUsFGWQPBq1mZKp/txaebUnGHDmmiBhRLY1tDNedN0m+fJtKZ1zAODS9Yk+V6uA==}
    dev: true

  /@uniswap/lib@1.1.1:
    resolution: {integrity: sha512-2yK7sLpKIT91TiS5sewHtOa7YuM8IuBXVl4GZv2jZFys4D2sY7K5vZh6MqD25TPA95Od+0YzCVq6cTF2IKrOmg==}
    engines: {node: '>=10'}
    dev: true

  /@uniswap/lib@4.0.1-alpha:
    resolution: {integrity: sha512-f6UIliwBbRsgVLxIaBANF6w09tYqc6Y/qXdsrbEmXHyFA7ILiKrIwRFXe1yOg8M3cksgVsO9N7yuL2DdCGQKBA==}
    engines: {node: '>=10'}
    dev: true

  /@uniswap/v2-core@1.0.0:
    resolution: {integrity: sha512-BJiXrBGnN8mti7saW49MXwxDBRFiWemGetE58q8zgfnPPzQKq55ADltEILqOt6VFZ22kVeVKbF8gVd8aY3l7pA==}
    engines: {node: '>=10'}
    dev: true

  /@uniswap/v2-core@1.0.1:
    resolution: {integrity: sha512-MtybtkUPSyysqLY2U210NBDeCHX+ltHt3oADGdjqoThZaFRDKwM6k1Nb3F0A3hk5hwuQvytFWhrWHOEq6nVJ8Q==}
    engines: {node: '>=10'}
    dev: true

  /@uniswap/v2-periphery@1.1.0-beta.0:
    resolution: {integrity: sha512-6dkwAMKza8nzqYiXEr2D86dgW3TTavUvCR0w2Tu33bAbM8Ah43LKAzH7oKKPRT5VJQaMi1jtkGs1E8JPor1n5g==}
    engines: {node: '>=10'}
    dependencies:
      '@uniswap/lib': 1.1.1
      '@uniswap/v2-core': 1.0.0
    dev: true
